// !$*UTF8*$!
{
	archiveVersion = 1;
	classes = {
	};
	objectVersion = 46;
	objects = {

/* Begin PBXBuildFile section */
		183761241A21722500225E57 /* main.m in Sources */ = {isa = PBXBuildFile; fileRef = 183761231A21722500225E57 /* main.m */; };
		183761271A21722500225E57 /* AppDelegate.m in Sources */ = {isa = PBXBuildFile; fileRef = 183761261A21722500225E57 /* AppDelegate.m */; };
		1837612F1A21722500225E57 /* Images.xcassets in Resources */ = {isa = PBXBuildFile; fileRef = 1837612E1A21722500225E57 /* Images.xcassets */; };
		1837613E1A21722500225E57 /* __HDTests.m in Sources */ = {isa = PBXBuildFile; fileRef = 1837613D1A21722500225E57 /* __HDTests.m */; };
		1837614B1A217A4900225E57 /* MTHomeViewController.m in Sources */ = {isa = PBXBuildFile; fileRef = 1837614A1A217A4900225E57 /* MTHomeViewController.m */; };
		1837614E1A217B9B00225E57 /* MTNavigationController.m in Sources */ = {isa = PBXBuildFile; fileRef = 1837614D1A217B9B00225E57 /* MTNavigationController.m */; };
		183761511A217C0500225E57 /* MTConst.m in Sources */ = {isa = PBXBuildFile; fileRef = 183761501A217C0500225E57 /* MTConst.m */; };
		183761541A217DB000225E57 /* UIBarButtonItem+Extension.m in Sources */ = {isa = PBXBuildFile; fileRef = 183761531A217DB000225E57 /* UIBarButtonItem+Extension.m */; };
		183761571A217DC700225E57 /* UIView+Extension.m in Sources */ = {isa = PBXBuildFile; fileRef = 183761561A217DC700225E57 /* UIView+Extension.m */; };
		183761591A2180E200225E57 /* MTHomeTopItem.xib in Resources */ = {isa = PBXBuildFile; fileRef = 183761581A2180E200225E57 /* MTHomeTopItem.xib */; };
		1837615C1A21834E00225E57 /* MTHomeTopItem.m in Sources */ = {isa = PBXBuildFile; fileRef = 1837615B1A21834E00225E57 /* MTHomeTopItem.m */; };
/* End PBXBuildFile section */

/* Begin PBXContainerItemProxy section */
		183761381A21722500225E57 /* PBXContainerItemProxy */ = {
			isa = PBXContainerItemProxy;
			containerPortal = 183761161A21722500225E57 /* Project object */;
			proxyType = 1;
			remoteGlobalIDString = 1837611D1A21722500225E57;
			remoteInfo = "美团HD";
		};
/* End PBXContainerItemProxy section */

/* Begin PBXFileReference section */
		1837611E1A21722500225E57 /* 美团HD.app */ = {isa = PBXFileReference; explicitFileType = wrapper.application; includeInIndex = 0; path = "美团HD.app"; sourceTree = BUILT_PRODUCTS_DIR; };
		183761221A21722500225E57 /* Info.plist */ = {isa = PBXFileReference; lastKnownFileType = text.plist.xml; path = Info.plist; sourceTree = "<group>"; };
		183761231A21722500225E57 /* main.m */ = {isa = PBXFileReference; lastKnownFileType = sourcecode.c.objc; path = main.m; sourceTree = "<group>"; };
		183761251A21722500225E57 /* AppDelegate.h */ = {isa = PBXFileReference; lastKnownFileType = sourcecode.c.h; path = AppDelegate.h; sourceTree = "<group>"; };
		183761261A21722500225E57 /* AppDelegate.m */ = {isa = PBXFileReference; lastKnownFileType = sourcecode.c.objc; path = AppDelegate.m; sourceTree = "<group>"; };
		1837612E1A21722500225E57 /* Images.xcassets */ = {isa = PBXFileReference; lastKnownFileType = folder.assetcatalog; path = Images.xcassets; sourceTree = "<group>"; };
		183761371A21722500225E57 /* 美团HDTests.xctest */ = {isa = PBXFileReference; explicitFileType = wrapper.cfbundle; includeInIndex = 0; path = "美团HDTests.xctest"; sourceTree = BUILT_PRODUCTS_DIR; };
		1837613C1A21722500225E57 /* Info.plist */ = {isa = PBXFileReference; lastKnownFileType = text.plist.xml; path = Info.plist; sourceTree = "<group>"; };
		1837613D1A21722500225E57 /* __HDTests.m */ = {isa = PBXFileReference; lastKnownFileType = sourcecode.c.objc; path = __HDTests.m; sourceTree = "<group>"; };
		183761491A217A4900225E57 /* MTHomeViewController.h */ = {isa = PBXFileReference; fileEncoding = 4; lastKnownFileType = sourcecode.c.h; path = MTHomeViewController.h; sourceTree = "<group>"; };
		1837614A1A217A4900225E57 /* MTHomeViewController.m */ = {isa = PBXFileReference; fileEncoding = 4; lastKnownFileType = sourcecode.c.objc; path = MTHomeViewController.m; sourceTree = "<group>"; };
		1837614C1A217B9B00225E57 /* MTNavigationController.h */ = {isa = PBXFileReference; fileEncoding = 4; lastKnownFileType = sourcecode.c.h; path = MTNavigationController.h; sourceTree = "<group>"; };
		1837614D1A217B9B00225E57 /* MTNavigationController.m */ = {isa = PBXFileReference; fileEncoding = 4; lastKnownFileType = sourcecode.c.objc; path = MTNavigationController.m; sourceTree = "<group>"; };
		1837614F1A217C0500225E57 /* MTConst.h */ = {isa = PBXFileReference; fileEncoding = 4; lastKnownFileType = sourcecode.c.h; path = MTConst.h; sourceTree = "<group>"; };
		183761501A217C0500225E57 /* MTConst.m */ = {isa = PBXFileReference; fileEncoding = 4; lastKnownFileType = sourcecode.c.objc; path = MTConst.m; sourceTree = "<group>"; };
		183761521A217DB000225E57 /* UIBarButtonItem+Extension.h */ = {isa = PBXFileReference; fileEncoding = 4; lastKnownFileType = sourcecode.c.h; path = "UIBarButtonItem+Extension.h"; sourceTree = "<group>"; };
		183761531A217DB000225E57 /* UIBarButtonItem+Extension.m */ = {isa = PBXFileReference; fileEncoding = 4; lastKnownFileType = sourcecode.c.objc; path = "UIBarButtonItem+Extension.m"; sourceTree = "<group>"; };
		183761551A217DC700225E57 /* UIView+Extension.h */ = {isa = PBXFileReference; fileEncoding = 4; lastKnownFileType = sourcecode.c.h; path = "UIView+Extension.h"; sourceTree = "<group>"; };
		183761561A217DC700225E57 /* UIView+Extension.m */ = {isa = PBXFileReference; fileEncoding = 4; lastKnownFileType = sourcecode.c.objc; path = "UIView+Extension.m"; sourceTree = "<group>"; };
		183761581A2180E200225E57 /* MTHomeTopItem.xib */ = {isa = PBXFileReference; fileEncoding = 4; lastKnownFileType = file.xib; path = MTHomeTopItem.xib; sourceTree = "<group>"; };
		1837615A1A21834E00225E57 /* MTHomeTopItem.h */ = {isa = PBXFileReference; fileEncoding = 4; lastKnownFileType = sourcecode.c.h; path = MTHomeTopItem.h; sourceTree = "<group>"; };
		1837615B1A21834E00225E57 /* MTHomeTopItem.m */ = {isa = PBXFileReference; fileEncoding = 4; lastKnownFileType = sourcecode.c.objc; path = MTHomeTopItem.m; sourceTree = "<group>"; };
/* End PBXFileReference section */

/* Begin PBXFrameworksBuildPhase section */
		1837611B1A21722500225E57 /* Frameworks */ = {
			isa = PBXFrameworksBuildPhase;
			buildActionMask = 2147483647;
			files = (
			);
			runOnlyForDeploymentPostprocessing = 0;
		};
		183761341A21722500225E57 /* Frameworks */ = {
			isa = PBXFrameworksBuildPhase;
			buildActionMask = 2147483647;
			files = (
			);
			runOnlyForDeploymentPostprocessing = 0;
		};
/* End PBXFrameworksBuildPhase section */

/* Begin PBXGroup section */
		183761151A21722500225E57 = {
			isa = PBXGroup;
			children = (
				183761201A21722500225E57 /* 美团HD */,
				1837613A1A21722500225E57 /* 美团HDTests */,
				1837611F1A21722500225E57 /* Products */,
			);
			sourceTree = "<group>";
		};
		1837611F1A21722500225E57 /* Products */ = {
			isa = PBXGroup;
			children = (
				1837611E1A21722500225E57 /* 美团HD.app */,
				183761371A21722500225E57 /* 美团HDTests.xctest */,
			);
			name = Products;
			sourceTree = "<group>";
		};
		183761201A21722500225E57 /* 美团HD */ = {
			isa = PBXGroup;
			children = (
				183761551A217DC700225E57 /* UIView+Extension.h */,
				183761561A217DC700225E57 /* UIView+Extension.m */,
				183761521A217DB000225E57 /* UIBarButtonItem+Extension.h */,
				183761531A217DB000225E57 /* UIBarButtonItem+Extension.m */,
				183761251A21722500225E57 /* AppDelegate.h */,
				183761261A21722500225E57 /* AppDelegate.m */,
				183761491A217A4900225E57 /* MTHomeViewController.h */,
				1837614A1A217A4900225E57 /* MTHomeViewController.m */,
				183761581A2180E200225E57 /* MTHomeTopItem.xib */,
				1837615A1A21834E00225E57 /* MTHomeTopItem.h */,
				1837615B1A21834E00225E57 /* MTHomeTopItem.m */,
				1837614C1A217B9B00225E57 /* MTNavigationController.h */,
				1837614D1A217B9B00225E57 /* MTNavigationController.m */,
				1837614F1A217C0500225E57 /* MTConst.h */,
				183761501A217C0500225E57 /* MTConst.m */,
				183761211A21722500225E57 /* Supporting Files */,
			);
			path = "美团HD";
			sourceTree = "<group>";
		};
		183761211A21722500225E57 /* Supporting Files */ = {
			isa = PBXGroup;
			children = (
				1837612E1A21722500225E57 /* Images.xcassets */,
				183761221A21722500225E57 /* Info.plist */,
				183761231A21722500225E57 /* main.m */,
			);
			name = "Supporting Files";
			sourceTree = "<group>";
		};
		1837613A1A21722500225E57 /* 美团HDTests */ = {
			isa = PBXGroup;
			children = (
				1837613D1A21722500225E57 /* __HDTests.m */,
				1837613B1A21722500225E57 /* Supporting Files */,
			);
			path = "美团HDTests";
			sourceTree = "<group>";
		};
		1837613B1A21722500225E57 /* Supporting Files */ = {
			isa = PBXGroup;
			children = (
				1837613C1A21722500225E57 /* Info.plist */,
			);
			name = "Supporting Files";
			sourceTree = "<group>";
		};
/* End PBXGroup section */

/* Begin PBXNativeTarget section */
		1837611D1A21722500225E57 /* 美团HD */ = {
			isa = PBXNativeTarget;
			buildConfigurationList = 183761411A21722500225E57 /* Build configuration list for PBXNativeTarget "美团HD" */;
			buildPhases = (
				1837611A1A21722500225E57 /* Sources */,
				1837611B1A21722500225E57 /* Frameworks */,
				1837611C1A21722500225E57 /* Resources */,
			);
			buildRules = (
			);
			dependencies = (
			);
			name = "美团HD";
			productName = "美团HD";
			productReference = 1837611E1A21722500225E57 /* 美团HD.app */;
			productType = "com.apple.product-type.application";
		};
		183761361A21722500225E57 /* 美团HDTests */ = {
			isa = PBXNativeTarget;
			buildConfigurationList = 183761441A21722500225E57 /* Build configuration list for PBXNativeTarget "美团HDTests" */;
			buildPhases = (
				183761331A21722500225E57 /* Sources */,
				183761341A21722500225E57 /* Frameworks */,
				183761351A21722500225E57 /* Resources */,
			);
			buildRules = (
			);
			dependencies = (
				183761391A21722500225E57 /* PBXTargetDependency */,
			);
			name = "美团HDTests";
			productName = "美团HDTests";
			productReference = 183761371A21722500225E57 /* 美团HDTests.xctest */;
			productType = "com.apple.product-type.bundle.unit-test";
		};
/* End PBXNativeTarget section */

/* Begin PBXProject section */
		183761161A21722500225E57 /* Project object */ = {
			isa = PBXProject;
			attributes = {
				CLASSPREFIX = MT;
				LastUpgradeCheck = 0610;
				ORGANIZATIONNAME = heima;
				TargetAttributes = {
					1837611D1A21722500225E57 = {
						CreatedOnToolsVersion = 6.1;
					};
					183761361A21722500225E57 = {
						CreatedOnToolsVersion = 6.1;
						TestTargetID = 1837611D1A21722500225E57;
					};
				};
			};
			buildConfigurationList = 183761191A21722500225E57 /* Build configuration list for PBXProject "美团HD" */;
			compatibilityVersion = "Xcode 3.2";
			developmentRegion = English;
			hasScannedForEncodings = 0;
			knownRegions = (
				en,
				Base,
			);
			mainGroup = 183761151A21722500225E57;
			productRefGroup = 1837611F1A21722500225E57 /* Products */;
			projectDirPath = "";
			projectRoot = "";
			targets = (
				1837611D1A21722500225E57 /* 美团HD */,
				183761361A21722500225E57 /* 美团HDTests */,
			);
		};
/* End PBXProject section */

/* Begin PBXResourcesBuildPhase section */
		1837611C1A21722500225E57 /* Resources */ = {
			isa = PBXResourcesBuildPhase;
			buildActionMask = 2147483647;
			files = (
				183761591A2180E200225E57 /* MTHomeTopItem.xib in Resources */,
				1837612F1A21722500225E57 /* Images.xcassets in Resources */,
			);
			runOnlyForDeploymentPostprocessing = 0;
		};
		183761351A21722500225E57 /* Resources */ = {
			isa = PBXResourcesBuildPhase;
			buildActionMask = 2147483647;
			files = (
			);
			runOnlyForDeploymentPostprocessing = 0;
		};
/* End PBXResourcesBuildPhase section */

/* Begin PBXSourcesBuildPhase section */
		1837611A1A21722500225E57 /* Sources */ = {
			isa = PBXSourcesBuildPhase;
			buildActionMask = 2147483647;
			files = (
				183761541A217DB000225E57 /* UIBarButtonItem+Extension.m in Sources */,
				1837614E1A217B9B00225E57 /* MTNavigationController.m in Sources */,
				183761271A21722500225E57 /* AppDelegate.m in Sources */,
				183761571A217DC700225E57 /* UIView+Extension.m in Sources */,
				1837614B1A217A4900225E57 /* MTHomeViewController.m in Sources */,
				183761241A21722500225E57 /* main.m in Sources */,
				1837615C1A21834E00225E57 /* MTHomeTopItem.m in Sources */,
				183761511A217C0500225E57 /* MTConst.m in Sources */,
			);
			runOnlyForDeploymentPostprocessing = 0;
		};
		183761331A21722500225E57 /* Sources */ = {
			isa = PBXSourcesBuildPhase;
			buildActionMask = 2147483647;
			files = (
				1837613E1A21722500225E57 /* __HDTests.m in Sources */,
			);
			runOnlyForDeploymentPostprocessing = 0;
		};
/* End PBXSourcesBuildPhase section */

/* Begin PBXTargetDependency section */
		183761391A21722500225E57 /* PBXTargetDependency */ = {
			isa = PBXTargetDependency;
			target = 1837611D1A21722500225E57 /* 美团HD */;
			targetProxy = 183761381A21722500225E57 /* PBXContainerItemProxy */;
		};
/* End PBXTargetDependency section */

/* Begin XCBuildConfiguration section */
		1837613F1A21722500225E57 /* Debug */ = {
			isa = XCBuildConfiguration;
			buildSettings = {
				ALWAYS_SEARCH_USER_PATHS = NO;
				CLANG_CXX_LANGUAGE_STANDARD = "gnu++0x";
				CLANG_CXX_LIBRARY = "libc++";
				CLANG_ENABLE_MODULES = YES;
				CLANG_ENABLE_OBJC_ARC = YES;
				CLANG_WARN_BOOL_CONVERSION = YES;
				CLANG_WARN_CONSTANT_CONVERSION = YES;
				CLANG_WARN_DIRECT_OBJC_ISA_USAGE = YES_ERROR;
				CLANG_WARN_EMPTY_BODY = YES;
				CLANG_WARN_ENUM_CONVERSION = YES;
				CLANG_WARN_INT_CONVERSION = YES;
				CLANG_WARN_OBJC_ROOT_CLASS = YES_ERROR;
				CLANG_WARN_UNREACHABLE_CODE = YES;
				CLANG_WARN__DUPLICATE_METHOD_MATCH = YES;
				"CODE_SIGN_IDENTITY[sdk=iphoneos*]" = "iPhone Developer";
				COPY_PHASE_STRIP = NO;
				ENABLE_STRICT_OBJC_MSGSEND = YES;
				GCC_C_LANGUAGE_STANDARD = gnu99;
				GCC_DYNAMIC_NO_PIC = NO;
				GCC_OPTIMIZATION_LEVEL = 0;
				GCC_PREPROCESSOR_DEFINITIONS = (
					"DEBUG=1",
					"$(inherited)",
				);
				GCC_SYMBOLS_PRIVATE_EXTERN = NO;
				GCC_WARN_64_TO_32_BIT_CONVERSION = YES;
				GCC_WARN_ABOUT_RETURN_TYPE = YES_ERROR;
				GCC_WARN_UNDECLARED_SELECTOR = YES;
				GCC_WARN_UNINITIALIZED_AUTOS = YES_AGGRESSIVE;
				GCC_WARN_UNUSED_FUNCTION = YES;
				GCC_WARN_UNUSED_VARIABLE = YES;
				IPHONEOS_DEPLOYMENT_TARGET = 8.1;
				MTL_ENABLE_DEBUG_INFO = YES;
				ONLY_ACTIVE_ARCH = YES;
				SDKROOT = iphoneos;
				TARGETED_DEVICE_FAMILY = 2;
			};
			name = Debug;
		};
		183761401A21722500225E57 /* Release */ = {
			isa = XCBuildConfiguration;
			buildSettings = {
				ALWAYS_SEARCH_USER_PATHS = NO;
				CLANG_CXX_LANGUAGE_STANDARD = "gnu++0x";
				CLANG_CXX_LIBRARY = "libc++";
				CLANG_ENABLE_MODULES = YES;
				CLANG_ENABLE_OBJC_ARC = YES;
				CLANG_WARN_BOOL_CONVERSION = YES;
				CLANG_WARN_CONSTANT_CONVERSION = YES;
				CLANG_WARN_DIRECT_OBJC_ISA_USAGE = YES_ERROR;
				CLANG_WARN_EMPTY_BODY = YES;
				CLANG_WARN_ENUM_CONVERSION = YES;
				CLANG_WARN_INT_CONVERSION = YES;
				CLANG_WARN_OBJC_ROOT_CLASS = YES_ERROR;
				CLANG_WARN_UNREACHABLE_CODE = YES;
				CLANG_WARN__DUPLICATE_METHOD_MATCH = YES;
				"CODE_SIGN_IDENTITY[sdk=iphoneos*]" = "iPhone Developer";
				COPY_PHASE_STRIP = YES;
				ENABLE_NS_ASSERTIONS = NO;
				ENABLE_STRICT_OBJC_MSGSEND = YES;
				GCC_C_LANGUAGE_STANDARD = gnu99;
				GCC_WARN_64_TO_32_BIT_CONVERSION = YES;
				GCC_WARN_ABOUT_RETURN_TYPE = YES_ERROR;
				GCC_WARN_UNDECLARED_SELECTOR = YES;
				GCC_WARN_UNINITIALIZED_AUTOS = YES_AGGRESSIVE;
				GCC_WARN_UNUSED_FUNCTION = YES;
				GCC_WARN_UNUSED_VARIABLE = YES;
				IPHONEOS_DEPLOYMENT_TARGET = 8.1;
				MTL_ENABLE_DEBUG_INFO = NO;
				SDKROOT = iphoneos;
				TARGETED_DEVICE_FAMILY = 2;
				VALIDATE_PRODUCT = YES;
			};
			name = Release;
		};
		183761421A21722500225E57 /* Debug */ = {
			isa = XCBuildConfiguration;
			buildSettings = {
				ASSETCATALOG_COMPILER_APPICON_NAME = AppIcon;
				ASSETCATALOG_COMPILER_LAUNCHIMAGE_NAME = LaunchImage;
				INFOPLIST_FILE = "美团HD/Info.plist";
				LD_RUNPATH_SEARCH_PATHS = "$(inherited) @executable_path/Frameworks";
				PRODUCT_NAME = "$(TARGET_NAME)";
			};
			name = Debug;
		};
		183761431A21722500225E57 /* Release */ = {
			isa = XCBuildConfiguration;
			buildSettings = {
				ASSETCATALOG_COMPILER_APPICON_NAME = AppIcon;
				ASSETCATALOG_COMPILER_LAUNCHIMAGE_NAME = LaunchImage;
				INFOPLIST_FILE = "美团HD/Info.plist";
				LD_RUNPATH_SEARCH_PATHS = "$(inherited) @executable_path/Frameworks";
				PRODUCT_NAME = "$(TARGET_NAME)";
			};
			name = Release;
		};
		183761451A21722500225E57 /* Debug */ = {
			isa = XCBuildConfiguration;
			buildSettings = {
				BUNDLE_LOADER = "$(TEST_HOST)";
				FRAMEWORK_SEARCH_PATHS = (
					"$(SDKROOT)/Developer/Library/Frameworks",
					"$(inherited)",
				);
				GCC_PREPROCESSOR_DEFINITIONS = (
					"DEBUG=1",
					"$(inherited)",
				);
				INFOPLIST_FILE = "美团HDTests/Info.plist";
				LD_RUNPATH_SEARCH_PATHS = "$(inherited) @executable_path/Frameworks @loader_path/Frameworks";
				PRODUCT_NAME = "$(TARGET_NAME)";
				TEST_HOST = "$(BUILT_PRODUCTS_DIR)/美团HD.app/美团HD";
			};
			name = Debug;
		};
		183761461A21722500225E57 /* Release */ = {
			isa = XCBuildConfiguration;
			buildSettings = {
				BUNDLE_LOADER = "$(TEST_HOST)";
				FRAMEWORK_SEARCH_PATHS = (
					"$(SDKROOT)/Developer/Library/Frameworks",
					"$(inherited)",
				);
				INFOPLIST_FILE = "美团HDTests/Info.plist";
				LD_RUNPATH_SEARCH_PATHS = "$(inherited) @executable_path/Frameworks @loader_path/Frameworks";
				PRODUCT_NAME = "$(TARGET_NAME)";
				TEST_HOST = "$(BUILT_PRODUCTS_DIR)/美团HD.app/美团HD";
			};
			name = Release;
		};
/* End XCBuildConfiguration section */

/* Begin XCConfigurationList section */
		183761191A21722500225E57 /* Build configuration list for PBXProject "美团HD" */ = {
			isa = XCConfigurationList;
			buildConfigurations = (
				1837613F1A21722500225E57 /* Debug */,
				183761401A21722500225E57 /* Release */,
			);
			defaultConfigurationIsVisible = 0;
			defaultConfigurationName = Release;
		};
		183761411A21722500225E57 /* Build configuration list for PBXNativeTarget "美团HD" */ = {
			isa = XCConfigurationList;
			buildConfigurations = (
				183761421A21722500225E57 /* Debug */,
				183761431A21722500225E57 /* Release */,
			);
			defaultConfigurationIsVisible = 0;
		};
		183761441A21722500225E57 /* Build configuration list for PBXNativeTarget "美团HDTests" */ = {
			isa = XCConfigurationList;
			buildConfigurations = (
				183761451A21722500225E57 /* Debug */,
				183761461A21722500225E57 /* Release */,
			);
			defaultConfigurationIsVisible = 0;
		};
/* End XCConfigurationList section */
	};
	rootObject = 183761161A21722500225E57 /* Project object */;
}
